version = 1
revision = 3
requires-python = ">=3.14"

[[package]]
name = "boto3"
version = "1.42.40"
source = { registry = "https://mirrors.cernet.edu.cn/pypi/web/simple" }
dependencies = [
    { name = "botocore" },
    { name = "jmespath" },
    { name = "s3transfer" },
]
sdist = { url = "https://mirrors.sustech.edu.cn/pypi/web/packages/d1/5a/bc190b2e8f2f625cbe50e1226fd7ce6b3719159add6d8d3c01a60defb7c4/boto3-1.42.40.tar.gz", hash = "sha256:e9e08059ae1bd47de411d361e9bfaaa6f35c8f996d68025deefff2b4dda79318" }
wheels = [
    { url = "https://mirrors.sustech.edu.cn/pypi/web/packages/1f/e7/e0d57bcb17aa0ef1d234c9685b67d26e92ee5d2031415a3ca051803ebc6c/boto3-1.42.40-py3-none-any.whl", hash = "sha256:91d776b8b68006c1aca204d384be191883c2a36443f4a90561165986dae17b74" },
]

[[package]]
name = "botocore"
version = "1.42.40"
source = { registry = "https://mirrors.cernet.edu.cn/pypi/web/simple" }
dependencies = [
    { name = "jmespath" },
    { name = "python-dateutil" },
    { name = "urllib3" },
]
sdist = { url = "https://mirrors.sustech.edu.cn/pypi/web/packages/c0/ea/912061bde3c36b951d7e56e53f48445f8ecf769c222ef46f604ecf8f574f/botocore-1.42.40.tar.gz", hash = "sha256:6cfa07cf35ad477daef4920324f6d81b8d3a10a35baeafaa5fca22fb3ad225e2" }
wheels = [
    { url = "https://mirrors.sustech.edu.cn/pypi/web/packages/ac/6a/a8b4fa14774b576bd7410c32a63d06a3a55287457d67c6bf11ebfef22aeb/botocore-1.42.40-py3-none-any.whl", hash = "sha256:b115cdfece8162cb30f387fdff2ee4693713744c97ebb4b89742e53675dc521c" },
]

[[package]]
name = "botocore-stubs"
version = "1.42.40"
source = { registry = "https://mirrors.cernet.edu.cn/pypi/web/simple" }
dependencies = [
    { name = "types-awscrt" },
]
sdist = { url = "https://mirrors.sustech.edu.cn/pypi/web/packages/15/d0/e5b6d6e24c12730bc2c60efcd06cb86d95f35ffb7d78dee71503a0bd1afc/botocore_stubs-1.42.40.tar.gz", hash = "sha256:3ece9db3bfbf33152cbaff8f3360a791b936f3e55fd4b65f88bba4da2026ec09" }
wheels = [
    { url = "https://mirrors.sustech.edu.cn/pypi/web/packages/20/a9/c200b11c22f29c751ab88528cb7deb6c959ca61f999ecc866fcd7c87b2ac/botocore_stubs-1.42.40-py3-none-any.whl", hash = "sha256:3038388fb54db85ddccb1d2780cfe8fefed515a2c63bb98d877e6cbf338eb645" },
]

[[package]]
name = "databaseandwebsitebackup"
version = "0.1.0"
source = { virtual = "." }
dependencies = [
    { name = "boto3" },
    { name = "humanize" },
    { name = "psutil" },
    { name = "schedule" },
    { name = "types-boto3", extra = ["s3"] },
]

[package.metadata]
requires-dist = [
    { name = "boto3", specifier = ">=1.40.9" },
    { name = "humanize", specifier = ">=4.12.3" },
    { name = "psutil", specifier = ">=7.2.2" },
    { name = "schedule", specifier = ">=1.2.2" },
    { name = "types-boto3", extras = ["s3"], specifier = ">=1.41.1" },
]

[[package]]
name = "humanize"
version = "4.15.0"
source = { registry = "https://mirrors.cernet.edu.cn/pypi/web/simple" }
sdist = { url = "https://mirrors.sustech.edu.cn/pypi/web/packages/ba/66/a3921783d54be8a6870ac4ccffcd15c4dc0dd7fcce51c6d63b8c63935276/humanize-4.15.0.tar.gz", hash = "sha256:1dd098483eb1c7ee8e32eb2e99ad1910baefa4b75c3aff3a82f4d78688993b10" }
wheels = [
    { url = "https://mirrors.sustech.edu.cn/pypi/web/packages/c5/7b/bca5613a0c3b542420cf92bd5e5fb8ebd5435ce1011a091f66bb7693285e/humanize-4.15.0-py3-none-any.whl", hash = "sha256:b1186eb9f5a9749cd9cb8565aee77919dd7c8d076161cf44d70e59e3301e1769" },
]

[[package]]
name = "jmespath"
version = "1.1.0"
source = { registry = "https://mirrors.cernet.edu.cn/pypi/web/simple" }
sdist = { url = "https://mirrors.sustech.edu.cn/pypi/web/packages/d3/59/322338183ecda247fb5d1763a6cbe46eff7222eaeebafd9fa65d4bf5cb11/jmespath-1.1.0.tar.gz", hash = "sha256:472c87d80f36026ae83c6ddd0f1d05d4e510134ed462851fd5f754c8c3cbb88d" }
wheels = [
    { url = "https://mirrors.sustech.edu.cn/pypi/web/packages/14/2f/967ba146e6d58cf6a652da73885f52fc68001525b4197effc174321d70b4/jmespath-1.1.0-py3-none-any.whl", hash = "sha256:a5663118de4908c91729bea0acadca56526eb2698e83de10cd116ae0f4e97c64" },
]

[[package]]
name = "psutil"
version = "7.2.2"
source = { registry = "https://mirrors.cernet.edu.cn/pypi/web/simple" }
sdist = { url = "https://mirrors.sustech.edu.cn/pypi/web/packages/aa/c6/d1ddf4abb55e93cebc4f2ed8b5d6dbad109ecb8d63748dd2b20ab5e57ebe/psutil-7.2.2.tar.gz", hash = "sha256:0746f5f8d406af344fd547f1c8daa5f5c33dbc293bb8d6a16d80b4bb88f59372" }
wheels = [
    { url = "https://mirrors.sustech.edu.cn/pypi/web/packages/81/69/ef179ab5ca24f32acc1dac0c247fd6a13b501fd5534dbae0e05a1c48b66d/psutil-7.2.2-cp314-cp314t-macosx_10_15_x86_64.whl", hash = "sha256:eed63d3b4d62449571547b60578c5b2c4bcccc5387148db46e0c2313dad0ee00" },
    { url = "https://mirrors.sustech.edu.cn/pypi/web/packages/7b/64/665248b557a236d3fa9efc378d60d95ef56dd0a490c2cd37dafc7660d4a9/psutil-7.2.2-cp314-cp314t-macosx_11_0_arm64.whl", hash = "sha256:7b6d09433a10592ce39b13d7be5a54fbac1d1228ed29abc880fb23df7cb694c9" },
    { url = "https://mirrors.sustech.edu.cn/pypi/web/packages/d5/2e/e6782744700d6759ebce3043dcfa661fb61e2fb752b91cdeae9af12c2178/psutil-7.2.2-cp314-cp314t-manylinux2010_x86_64.manylinux_2_12_x86_64.manylinux_2_28_x86_64.whl", hash = "sha256:1fa4ecf83bcdf6e6c8f4449aff98eefb5d0604bf88cb883d7da3d8d2d909546a" },
    { url = "https://mirrors.sustech.edu.cn/pypi/web/packages/57/49/0a41cefd10cb7505cdc04dab3eacf24c0c2cb158a998b8c7b1d27ee2c1f5/psutil-7.2.2-cp314-cp314t-manylinux2014_aarch64.manylinux_2_17_aarch64.manylinux_2_28_aarch64.whl", hash = "sha256:e452c464a02e7dc7822a05d25db4cde564444a67e58539a00f929c51eddda0cf" },
    { url = "https://mirrors.sustech.edu.cn/pypi/web/packages/dd/2c/ff9bfb544f283ba5f83ba725a3c5fec6d6b10b8f27ac1dc641c473dc390d/psutil-7.2.2-cp314-cp314t-win_amd64.whl", hash = "sha256:c7663d4e37f13e884d13994247449e9f8f574bc4655d509c3b95e9ec9e2b9dc1" },
    { url = "https://mirrors.sustech.edu.cn/pypi/web/packages/f2/fc/f8d9c31db14fcec13748d373e668bc3bed94d9077dbc17fb0eebc073233c/psutil-7.2.2-cp314-cp314t-win_arm64.whl", hash = "sha256:11fe5a4f613759764e79c65cf11ebdf26e33d6dd34336f8a337aa2996d71c841" },
    { url = "https://mirrors.sustech.edu.cn/pypi/web/packages/e7/36/5ee6e05c9bd427237b11b3937ad82bb8ad2752d72c6969314590dd0c2f6e/psutil-7.2.2-cp36-abi3-macosx_10_9_x86_64.whl", hash = "sha256:ed0cace939114f62738d808fdcecd4c869222507e266e574799e9c0faa17d486" },
    { url = "https://mirrors.sustech.edu.cn/pypi/web/packages/80/c4/f5af4c1ca8c1eeb2e92ccca14ce8effdeec651d5ab6053c589b074eda6e1/psutil-7.2.2-cp36-abi3-macosx_11_0_arm64.whl", hash = "sha256:1a7b04c10f32cc88ab39cbf606e117fd74721c831c98a27dc04578deb0c16979" },
    { url = "https://mirrors.sustech.edu.cn/pypi/web/packages/b5/70/5d8df3b09e25bce090399cf48e452d25c935ab72dad19406c77f4e828045/psutil-7.2.2-cp36-abi3-manylinux2010_x86_64.manylinux_2_12_x86_64.manylinux_2_28_x86_64.whl", hash = "sha256:076a2d2f923fd4821644f5ba89f059523da90dc9014e85f8e45a5774ca5bc6f9" },
    { url = "https://mirrors.sustech.edu.cn/pypi/web/packages/63/65/37648c0c158dc222aba51c089eb3bdfa238e621674dc42d48706e639204f/psutil-7.2.2-cp36-abi3-manylinux2014_aarch64.manylinux_2_17_aarch64.manylinux_2_28_aarch64.whl", hash = "sha256:b0726cecd84f9474419d67252add4ac0cd9811b04d61123054b9fb6f57df6e9e" },
    { url = "https://mirrors.sustech.edu.cn/pypi/web/packages/8e/13/125093eadae863ce03c6ffdbae9929430d116a246ef69866dad94da3bfbc/psutil-7.2.2-cp36-abi3-musllinux_1_2_aarch64.whl", hash = "sha256:fd04ef36b4a6d599bbdb225dd1d3f51e00105f6d48a28f006da7f9822f2606d8" },
    { url = "https://mirrors.sustech.edu.cn/pypi/web/packages/04/78/0acd37ca84ce3ddffaa92ef0f571e073faa6d8ff1f0559ab1272188ea2be/psutil-7.2.2-cp36-abi3-musllinux_1_2_x86_64.whl", hash = "sha256:b58fabe35e80b264a4e3bb23e6b96f9e45a3df7fb7eed419ac0e5947c61e47cc" },
    { url = "https://mirrors.sustech.edu.cn/pypi/web/packages/b4/90/e2159492b5426be0c1fef7acba807a03511f97c5f86b3caeda6ad92351a7/psutil-7.2.2-cp37-abi3-win_amd64.whl", hash = "sha256:eb7e81434c8d223ec4a219b5fc1c47d0417b12be7ea866e24fb5ad6e84b3d988" },
    { url = "https://mirrors.sustech.edu.cn/pypi/web/packages/8c/c7/7bb2e321574b10df20cbde462a94e2b71d05f9bbda251ef27d104668306a/psutil-7.2.2-cp37-abi3-win_arm64.whl", hash = "sha256:8c233660f575a5a89e6d4cb65d9f938126312bca76d8fe087b947b3a1aaac9ee" },
]

[[package]]
name = "python-dateutil"
version = "2.9.0.post0"
source = { registry = "https://mirrors.cernet.edu.cn/pypi/web/simple" }
dependencies = [
    { name = "six" },
]
sdist = { url = "https://mirrors.sustech.edu.cn/pypi/web/packages/66/c0/0c8b6ad9f17a802ee498c46e004a0eb49bc148f2fd230864601a86dcf6db/python-dateutil-2.9.0.post0.tar.gz", hash = "sha256:37dd54208da7e1cd875388217d5e00ebd4179249f90fb72437e91a35459a0ad3" }
wheels = [
    { url = "https://mirrors.sustech.edu.cn/pypi/web/packages/ec/57/56b9bcc3c9c6a792fcbaf139543cee77261f3651ca9da0c93f5c1221264b/python_dateutil-2.9.0.post0-py2.py3-none-any.whl", hash = "sha256:a8b2bc7bffae282281c8140a97d3aa9c14da0b136dfe83f850eea9a5f7470427" },
]

[[package]]
name = "s3transfer"
version = "0.16.0"
source = { registry = "https://mirrors.cernet.edu.cn/pypi/web/simple" }
dependencies = [
    { name = "botocore" },
]
sdist = { url = "https://mirrors.sustech.edu.cn/pypi/web/packages/05/04/74127fc843314818edfa81b5540e26dd537353b123a4edc563109d8f17dd/s3transfer-0.16.0.tar.gz", hash = "sha256:8e990f13268025792229cd52fa10cb7163744bf56e719e0b9cb925ab79abf920" }
wheels = [
    { url = "https://mirrors.sustech.edu.cn/pypi/web/packages/fc/51/727abb13f44c1fcf6d145979e1535a35794db0f6e450a0cb46aa24732fe2/s3transfer-0.16.0-py3-none-any.whl", hash = "sha256:18e25d66fed509e3868dc1572b3f427ff947dd2c56f844a5bf09481ad3f3b2fe" },
]

[[package]]
name = "schedule"
version = "1.2.2"
source = { registry = "https://mirrors.cernet.edu.cn/pypi/web/simple" }
sdist = { url = "https://mirrors.sustech.edu.cn/pypi/web/packages/0c/91/b525790063015759f34447d4cf9d2ccb52cdee0f1dd6ff8764e863bcb74c/schedule-1.2.2.tar.gz", hash = "sha256:15fe9c75fe5fd9b9627f3f19cc0ef1420508f9f9a46f45cd0769ef75ede5f0b7" }
wheels = [
    { url = "https://mirrors.sustech.edu.cn/pypi/web/packages/20/a7/84c96b61fd13205f2cafbe263cdb2745965974bdf3e0078f121dfeca5f02/schedule-1.2.2-py3-none-any.whl", hash = "sha256:5bef4a2a0183abf44046ae0d164cadcac21b1db011bdd8102e4a0c1e91e06a7d" },
]

[[package]]
name = "six"
version = "1.17.0"
source = { registry = "https://mirrors.cernet.edu.cn/pypi/web/simple" }
sdist = { url = "https://mirrors.sustech.edu.cn/pypi/web/packages/94/e7/b2c673351809dca68a0e064b6af791aa332cf192da575fd474ed7d6f16a2/six-1.17.0.tar.gz", hash = "sha256:ff70335d468e7eb6ec65b95b99d3a2836546063f63acc5171de367e834932a81" }
wheels = [
    { url = "https://mirrors.sustech.edu.cn/pypi/web/packages/b7/ce/149a00dd41f10bc29e5921b496af8b574d8413afcd5e30dfa0ed46c2cc5e/six-1.17.0-py2.py3-none-any.whl", hash = "sha256:4721f391ed90541fddacab5acf947aa0d3dc7d27b2e1e8eda2be8970586c3274" },
]

[[package]]
name = "types-awscrt"
version = "0.31.1"
source = { registry = "https://mirrors.cernet.edu.cn/pypi/web/simple" }
sdist = { url = "https://mirrors.sustech.edu.cn/pypi/web/packages/97/be/589b7bba42b5681a72bac4d714287afef4e1bb84d07c859610ff631d449e/types_awscrt-0.31.1.tar.gz", hash = "sha256:08b13494f93f45c1a92eb264755fce50ed0d1dc75059abb5e31670feb9a09724" }
wheels = [
    { url = "https://mirrors.sustech.edu.cn/pypi/web/packages/5e/fd/ddca80617f230bd833f99b4fb959abebffd8651f520493cae2e96276b1bd/types_awscrt-0.31.1-py3-none-any.whl", hash = "sha256:7e4364ac635f72bd57f52b093883640b1448a6eded0ecbac6e900bf4b1e4777b" },
]

[[package]]
name = "types-boto3"
version = "1.42.40"
source = { registry = "https://mirrors.cernet.edu.cn/pypi/web/simple" }
dependencies = [
    { name = "botocore-stubs" },
    { name = "types-s3transfer" },
]
sdist = { url = "https://mirrors.sustech.edu.cn/pypi/web/packages/4b/e5/51ae9a4a8f176f306aa8bcec29df71ffe9d817ebc7c1536409cadbf3320e/types_boto3-1.42.40.tar.gz", hash = "sha256:63788129c9e105dfaadabdadb670659571261a8787a9a5470e5c5d7846fccf90" }
wheels = [
    { url = "https://mirrors.sustech.edu.cn/pypi/web/packages/b4/53/270101b7ecfc403652b9c3308c8f987f5f5f93ddfe238b2970aee6f3c3ae/types_boto3-1.42.40-py3-none-any.whl", hash = "sha256:bb85ddf53cdd98b8a90990c0d0fb0f1d4b38eaa6e5cdf7714ef3c9e1dbf44dce" },
]

[package.optional-dependencies]
s3 = [
    { name = "types-boto3-s3" },
]

[[package]]
name = "types-boto3-s3"
version = "1.42.37"
source = { registry = "https://mirrors.cernet.edu.cn/pypi/web/simple" }
sdist = { url = "https://mirrors.sustech.edu.cn/pypi/web/packages/4c/53/7b180219c8e82a784175f3debe196ea0f6f51e34fca05e3df0c2d5984f6d/types_boto3_s3-1.42.37.tar.gz", hash = "sha256:4c778245108ef5eb9d6871d5971836b2d699b603e2402e5e6ef03247463d57e1" }
wheels = [
    { url = "https://mirrors.sustech.edu.cn/pypi/web/packages/90/a9/ac43cd08406329e6802ca6b7cf55017ad9a9d0b7463ec2609e96510928f6/types_boto3_s3-1.42.37-py3-none-any.whl", hash = "sha256:6e31e153c9adebd0c8764006928a71891b25b0eebe7d112cb6222652ecccdf52" },
]

[[package]]
name = "types-s3transfer"
version = "0.16.0"
source = { registry = "https://mirrors.cernet.edu.cn/pypi/web/simple" }
sdist = { url = "https://mirrors.sustech.edu.cn/pypi/web/packages/fe/64/42689150509eb3e6e82b33ee3d89045de1592488842ddf23c56957786d05/types_s3transfer-0.16.0.tar.gz", hash = "sha256:b4636472024c5e2b62278c5b759661efeb52a81851cde5f092f24100b1ecb443" }
wheels = [
    { url = "https://mirrors.sustech.edu.cn/pypi/web/packages/98/27/e88220fe6274eccd3bdf95d9382918716d312f6f6cef6a46332d1ee2feff/types_s3transfer-0.16.0-py3-none-any.whl", hash = "sha256:1c0cd111ecf6e21437cb410f5cddb631bfb2263b77ad973e79b9c6d0cb24e0ef" },
]

[[package]]
name = "urllib3"
version = "2.6.3"
source = { registry = "https://mirrors.cernet.edu.cn/pypi/web/simple" }
sdist = { url = "https://mirrors.sustech.edu.cn/pypi/web/packages/c7/24/5f1b3bdffd70275f6661c76461e25f024d5a38a46f04aaca912426a2b1d3/urllib3-2.6.3.tar.gz", hash = "sha256:1b62b6884944a57dbe321509ab94fd4d3b307075e0c2eae991ac71ee15ad38ed" }
wheels = [
    { url = "https://mirrors.sustech.edu.cn/pypi/web/packages/39/08/aaaad47bc4e9dc8c725e68f9d04865dbcb2052843ff09c97b08904852d84/urllib3-2.6.3-py3-none-any.whl", hash = "sha256:bf272323e553dfb2e87d9bfd225ca7b0f467b919d7bbd355436d3fd37cb0acd4" },
]
